
Microsoft Visual Studio Solution File, Format Version 12.00
# Visual Studio Version 16
VisualStudioVersion = 16.0.32106.194
MinimumVisualStudioVersion = 10.0.40219.1
Project("{8BC9CEB8-8B4A-11D0-8D11-00A0C91BC942}") = "MFCApplication1", "MFCApplication1\MFCApplication1.vcxproj", "{3E2C7454-D5C9-41A0-8BEC-D29CEB412137}"
EndProject
Project("{8BC9CEB8-8B4A-11D0-8D11-00A0C91BC942}") = "UnitTest1", "UnitTest1\UnitTest1.vcxproj", "{4C2A7039-3CA1-400B-909C-D99853230CFA}"
EndProject
Global
	GlobalSection(SolutionConfigurationPlatforms) = preSolution
		Debug|x64 = Debug|x64
		Debug|x86 = Debug|x86
		Release|x64 = Release|x64
		Release|x86 = Release|x86
	EndGlobalSection
	GlobalSection(ProjectConfigurationPlatforms) = postSolution
		{3E2C7454-D5C9-41A0-8BEC-D29CEB412137}.Debug|x64.ActiveCfg = Debug|x64
		{3E2C7454-D5C9-41A0-8BEC-D29CEB412137}.Debug|x64.Build.0 = Debug|x64
		{3E2C7454-D5C9-41A0-8BEC-D29CEB412137}.Debug|x86.ActiveCfg = Debug|Win32
		{3E2C7454-D5C9-41A0-8BEC-D29CEB412137}.Debug|x86.Build.0 = Debug|Win32
		{3E2C7454-D5C9-41A0-8BEC-D29CEB412137}.Release|x64.ActiveCfg = Release|x64
		{3E2C7454-D5C9-41A0-8BEC-D29CEB412137}.Release|x64.Build.0 = Release|x64
		{3E2C7454-D5C9-41A0-8BEC-D29CEB412137}.Release|x86.ActiveCfg = Release|Win32
		{3E2C7454-D5C9-41A0-8BEC-D29CEB412137}.Release|x86.Build.0 = Release|Win32
		{4C2A7039-3CA1-400B-909C-D99853230CFA}.Debug|x64.ActiveCfg = Debug|x64
		{4C2A7039-3CA1-400B-909C-D99853230CFA}.Debug|x64.Build.0 = Debug|x64
		{4C2A7039-3CA1-400B-909C-D99853230CFA}.Debug|x86.ActiveCfg = Debug|Win32
		{4C2A7039-3CA1-400B-909C-D99853230CFA}.Debug|x86.Build.0 = Debug|Win32
		{4C2A7039-3CA1-400B-909C-D99853230CFA}.Release|x64.ActiveCfg = Release|x64
		{4C2A7039-3CA1-400B-909C-D99853230CFA}.Release|x64.Build.0 = Release|x64
		{4C2A7039-3CA1-400B-909C-D99853230CFA}.Release|x86.ActiveCfg = Release|Win32
		{4C2A7039-3CA1-400B-909C-D99853230CFA}.Release|x86.Build.0 = Release|Win32
	EndGlobalSection
	GlobalSection(SolutionProperties) = preSolution
		HideSolutionNode = FALSE
	EndGlobalSection
	GlobalSection(ExtensibilityGlobals) = postSolution
		SolutionGuid = {A71549A4-73D0-425D-9592-8C479F7264C5}
	EndGlobalSection
EndGlobal
